// !$*UTF8*$!
{
	archiveVersion = 1;
	classes = {
	};
	objectVersion = 51;
	objects = {

/* Begin PBXBuildFile section */
		2009DE33256E270D00545439 /* AppDelegate.swift in Sources */ = {isa = PBXBuildFile; fileRef = 2009DE32256E270D00545439 /* AppDelegate.swift */; };
		2009DE35256E270D00545439 /* SceneDelegate.swift in Sources */ = {isa = PBXBuildFile; fileRef = 2009DE34256E270D00545439 /* SceneDelegate.swift */; };
		2009DE37256E270D00545439 /* ViewController.swift in Sources */ = {isa = PBXBuildFile; fileRef = 2009DE36256E270D00545439 /* ViewController.swift */; };
		2009DE3A256E270D00545439 /* Main.storyboard in Resources */ = {isa = PBXBuildFile; fileRef = 2009DE38256E270D00545439 /* Main.storyboard */; };
		2009DE3C256E270F00545439 /* Assets.xcassets in Resources */ = {isa = PBXBuildFile; fileRef = 2009DE3B256E270F00545439 /* Assets.xcassets */; };
		2009DE3F256E270F00545439 /* LaunchScreen.storyboard in Resources */ = {isa = PBXBuildFile; fileRef = 2009DE3D256E270F00545439 /* LaunchScreen.storyboard */; };
		2009DE71256E310500545439 /* User.swift in Sources */ = {isa = PBXBuildFile; fileRef = 2009DE70256E310500545439 /* User.swift */; };
		2009DE79256E41B500545439 /* UserViewModel.swift in Sources */ = {isa = PBXBuildFile; fileRef = 2009DE78256E41B500545439 /* UserViewModel.swift */; };
		2009DE7D256E461D00545439 /* TrackedTimeViewModel.swift in Sources */ = {isa = PBXBuildFile; fileRef = 2009DE7C256E461D00545439 /* TrackedTimeViewModel.swift */; };
		2009DE87256E4B8600545439 /* JournalViewModel.swift in Sources */ = {isa = PBXBuildFile; fileRef = 2009DE86256E4B8600545439 /* JournalViewModel.swift */; };
		2009DE8F256E557700545439 /* CardView.swift in Sources */ = {isa = PBXBuildFile; fileRef = 2009DE8E256E557700545439 /* CardView.swift */; };
		2009DE92256E5A8400545439 /* JournalTableViewCell.swift in Sources */ = {isa = PBXBuildFile; fileRef = 2009DE91256E5A8400545439 /* JournalTableViewCell.swift */; };
		2009DEAD256EA82400545439 /* UIColorExtension.swift in Sources */ = {isa = PBXBuildFile; fileRef = 2009DEAC256EA82300545439 /* UIColorExtension.swift */; };
		2009DEB1256EAB1A00545439 /* MainPageGreetingsTableViewCell.swift in Sources */ = {isa = PBXBuildFile; fileRef = 2009DEB0256EAB1A00545439 /* MainPageGreetingsTableViewCell.swift */; };
		2009F85D2588567800B80193 /* CalendarExtension.swift in Sources */ = {isa = PBXBuildFile; fileRef = 2009F85C2588567800B80193 /* CalendarExtension.swift */; };
		2013683625826A6E00C90BB6 /* BiometricAuthentication.swift in Sources */ = {isa = PBXBuildFile; fileRef = 2013683525826A6E00C90BB6 /* BiometricAuthentication.swift */; };
		201953CE2585B85A004BF656 /* mailbox.json in Resources */ = {isa = PBXBuildFile; fileRef = 201953CD2585B85A004BF656 /* mailbox.json */; };
		201953E22585FD21004BF656 /* CustomAlert.swift in Sources */ = {isa = PBXBuildFile; fileRef = 201953E12585FD21004BF656 /* CustomAlert.swift */; };
		20195451258701D0004BF656 /* DetailJournalContentView.storyboard in Resources */ = {isa = PBXBuildFile; fileRef = 2019542C2586FC72004BF656 /* DetailJournalContentView.storyboard */; };
		2019553B25776B4E006FA8E8 /* CalendarMainViewController.swift in Sources */ = {isa = PBXBuildFile; fileRef = 2019553A25776B4E006FA8E8 /* CalendarMainViewController.swift */; };
		2019553E25776BB4006FA8E8 /* CalendarMainCollectionViewCell.swift in Sources */ = {isa = PBXBuildFile; fileRef = 2019553D25776BB4006FA8E8 /* CalendarMainCollectionViewCell.swift */; };
		2019556925778C70006FA8E8 /* SelectionViewController.swift in Sources */ = {isa = PBXBuildFile; fileRef = 2019556825778C70006FA8E8 /* SelectionViewController.swift */; };
		201B28D42580774400FB6A77 /* Tags.storyboard in Resources */ = {isa = PBXBuildFile; fileRef = 201B28D32580774400FB6A77 /* Tags.storyboard */; };
		201B28DC25807C5A00FB6A77 /* UserSettingTagsTableViewCell.swift in Sources */ = {isa = PBXBuildFile; fileRef = 201B28DB25807C5A00FB6A77 /* UserSettingTagsTableViewCell.swift */; };
		2023E65F258475C1001C43E8 /* FilterJournalView.storyboard in Resources */ = {isa = PBXBuildFile; fileRef = 2023E65E258475C1001C43E8 /* FilterJournalView.storyboard */; };
		2023E68525847A15001C43E8 /* FilterJournalViewController.swift in Sources */ = {isa = PBXBuildFile; fileRef = 2023E68425847A15001C43E8 /* FilterJournalViewController.swift */; };
		2023E68825847A5A001C43E8 /* FilterJournalTableViewCell.swift in Sources */ = {isa = PBXBuildFile; fileRef = 2023E68725847A5A001C43E8 /* FilterJournalTableViewCell.swift */; };
		2023F6CD25943A5E00A3ACC4 /* RoutineReminderTableViewCell.swift in Sources */ = {isa = PBXBuildFile; fileRef = 2023F6CC25943A5E00A3ACC4 /* RoutineReminderTableViewCell.swift */; };
		2023F6D025943CD400A3ACC4 /* RoutineReminderViewController.swift in Sources */ = {isa = PBXBuildFile; fileRef = 2023F6CF25943CD400A3ACC4 /* RoutineReminderViewController.swift */; };
		2023F6D9259443EC00A3ACC4 /* notification.json in Resources */ = {isa = PBXBuildFile; fileRef = 2023F6D8259443EC00A3ACC4 /* notification.json */; };
		203142942570D048006410A8 /* WriteTimeCapsuleViewController.swift in Sources */ = {isa = PBXBuildFile; fileRef = 203142932570D048006410A8 /* WriteTimeCapsuleViewController.swift */; };
		203142972570E441006410A8 /* TimeTrackingButton.swift in Sources */ = {isa = PBXBuildFile; fileRef = 203142962570E441006410A8 /* TimeTrackingButton.swift */; };
		2031429A2570E518006410A8 /* TimeTrackingMainPageViewController.swift in Sources */ = {isa = PBXBuildFile; fileRef = 203142992570E518006410A8 /* TimeTrackingMainPageViewController.swift */; };
		2031429D2570E655006410A8 /* TimeTrackingMainCollectionViewCell.swift in Sources */ = {isa = PBXBuildFile; fileRef = 2031429C2570E655006410A8 /* TimeTrackingMainCollectionViewCell.swift */; };
		203142A02570E668006410A8 /* TimeTrackingMainTableViewCell.swift in Sources */ = {isa = PBXBuildFile; fileRef = 2031429F2570E668006410A8 /* TimeTrackingMainTableViewCell.swift */; };
		203142CF25710367006410A8 /* PaddingLabel.swift in Sources */ = {isa = PBXBuildFile; fileRef = 203142CE25710367006410A8 /* PaddingLabel.swift */; };
		203A94E3258F07FB002B7936 /* loading-dots.json in Resources */ = {isa = PBXBuildFile; fileRef = 203A94E2258F07FB002B7936 /* loading-dots.json */; };
		203E959A259B0DF8002877EC /* GoogleService-Info.plist in Resources */ = {isa = PBXBuildFile; fileRef = 203E9599259B0DF8002877EC /* GoogleService-Info.plist */; };
		205101682580A69100E7D985 /* Passcode.storyboard in Resources */ = {isa = PBXBuildFile; fileRef = 205101672580A69100E7D985 /* Passcode.storyboard */; };
		2051016F2580CC6300E7D985 /* PasscodeViewController.swift in Sources */ = {isa = PBXBuildFile; fileRef = 2051016E2580CC6300E7D985 /* PasscodeViewController.swift */; };
		205101972581164800E7D985 /* UserManager.swift in Sources */ = {isa = PBXBuildFile; fileRef = 205101962581164700E7D985 /* UserManager.swift */; };
		2053B85B257F227A005DFA24 /* UserSettingViewController.swift in Sources */ = {isa = PBXBuildFile; fileRef = 2053B85A257F227A005DFA24 /* UserSettingViewController.swift */; };
		2053B85E257F2296005DFA24 /* UserSetting.storyboard in Resources */ = {isa = PBXBuildFile; fileRef = 2053B85D257F2296005DFA24 /* UserSetting.storyboard */; };
		2053B881257F56D9005DFA24 /* UIViewExtension.swift in Sources */ = {isa = PBXBuildFile; fileRef = 2053B880257F56D9005DFA24 /* UIViewExtension.swift */; };
		2053B884257F7224005DFA24 /* ProfileTableViewCell.swift in Sources */ = {isa = PBXBuildFile; fileRef = 2053B883257F7224005DFA24 /* ProfileTableViewCell.swift */; };
		2053B887257F7234005DFA24 /* SettingsTableViewCell.swift in Sources */ = {isa = PBXBuildFile; fileRef = 2053B886257F7234005DFA24 /* SettingsTableViewCell.swift */; };
		2053B88B257F7CCE005DFA24 /* Settings.swift in Sources */ = {isa = PBXBuildFile; fileRef = 2053B88A257F7CCE005DFA24 /* Settings.swift */; };
		206A6B6B259DB7620077130C /* EachDayTests.swift in Sources */ = {isa = PBXBuildFile; fileRef = 206A6B6A259DB7620077130C /* EachDayTests.swift */; };
		20733BC625725DEB004B4A3B /* CreateNewTask.storyboard in Resources */ = {isa = PBXBuildFile; fileRef = 20733BC525725DEB004B4A3B /* CreateNewTask.storyboard */; };
		20733BC925725E62004B4A3B /* CreateNewTaskViewController.swift in Sources */ = {isa = PBXBuildFile; fileRef = 20733BC825725E62004B4A3B /* CreateNewTaskViewController.swift */; };
		20733BD125732D81004B4A3B /* StopWatch.swift in Sources */ = {isa = PBXBuildFile; fileRef = 20733BD025732D81004B4A3B /* StopWatch.swift */; };
		20733BD42573526E004B4A3B /* TimeTrackingTagViewController.swift in Sources */ = {isa = PBXBuildFile; fileRef = 20733BD32573526E004B4A3B /* TimeTrackingTagViewController.swift */; };
		20733BDB25739125004B4A3B /* TimeTrackingTagTableViewCell.swift in Sources */ = {isa = PBXBuildFile; fileRef = 20733BDA25739125004B4A3B /* TimeTrackingTagTableViewCell.swift */; };
		20733BDE25739156004B4A3B /* AddNewTagTableViewCell.swift in Sources */ = {isa = PBXBuildFile; fileRef = 20733BDD25739156004B4A3B /* AddNewTagTableViewCell.swift */; };
		20733BE125748A83004B4A3B /* TimeTrackingTopTableViewCell.swift in Sources */ = {isa = PBXBuildFile; fileRef = 20733BE025748A83004B4A3B /* TimeTrackingTopTableViewCell.swift */; };
		20733C1B25760CB2004B4A3B /* TimeTrackingSummary.storyboard in Resources */ = {isa = PBXBuildFile; fileRef = 20733C1A25760CB2004B4A3B /* TimeTrackingSummary.storyboard */; };
		20733C1E25760CC3004B4A3B /* TimeTrackingSummaryViewController.swift in Sources */ = {isa = PBXBuildFile; fileRef = 20733C1D25760CC3004B4A3B /* TimeTrackingSummaryViewController.swift */; };
		20733C2125760F8E004B4A3B /* TimeTrackingSummaryTableViewCell.swift in Sources */ = {isa = PBXBuildFile; fileRef = 20733C2025760F8E004B4A3B /* TimeTrackingSummaryTableViewCell.swift */; };
		2098B159256F8DDF00AAC1CB /* WriteJournal.storyboard in Resources */ = {isa = PBXBuildFile; fileRef = 2098B158256F8DDF00AAC1CB /* WriteJournal.storyboard */; };
		2098B15F256F944800AAC1CB /* WriteJournalViewController.swift in Sources */ = {isa = PBXBuildFile; fileRef = 2098B15E256F944800AAC1CB /* WriteJournalViewController.swift */; };
		2098B162256F9A9800AAC1CB /* Helper.swift in Sources */ = {isa = PBXBuildFile; fileRef = 2098B161256F9A9800AAC1CB /* Helper.swift */; };
		2098B165256FB2C600AAC1CB /* TimeCapsule.storyboard in Resources */ = {isa = PBXBuildFile; fileRef = 2098B164256FB2C600AAC1CB /* TimeCapsule.storyboard */; };
		2098B168256FB39F00AAC1CB /* TimeCapsuleViewController.swift in Sources */ = {isa = PBXBuildFile; fileRef = 2098B167256FB39F00AAC1CB /* TimeCapsuleViewController.swift */; };
		20A5D3D62583212E0009F3FC /* Notifications.swift in Sources */ = {isa = PBXBuildFile; fileRef = 20A5D3D52583212E0009F3FC /* Notifications.swift */; };
		20A9A52225A6EAB30054A9BD /* UIButtonExtension.swift in Sources */ = {isa = PBXBuildFile; fileRef = 20A9A52125A6EAB30054A9BD /* UIButtonExtension.swift */; };
		20AA1AE925889F510074B683 /* mail-send.json in Resources */ = {isa = PBXBuildFile; fileRef = 20AA1AE825889F510074B683 /* mail-send.json */; };
		20AA1AEC2588F0E40074B683 /* empty.json in Resources */ = {isa = PBXBuildFile; fileRef = 20AA1AEB2588F0E40074B683 /* empty.json */; };
		20AA1AEF2589A3040074B683 /* UILabelExtension.swift in Sources */ = {isa = PBXBuildFile; fileRef = 20AA1AEE2589A3040074B683 /* UILabelExtension.swift */; };
		20AA1AF62589AC770074B683 /* LoadingView.swift in Sources */ = {isa = PBXBuildFile; fileRef = 20AA1AF52589AC770074B683 /* LoadingView.swift */; };
		20AA1AF92589AE720074B683 /* loading.json in Resources */ = {isa = PBXBuildFile; fileRef = 20AA1AF82589AE720074B683 /* loading.json */; };
		20AA1AFC2589DE580074B683 /* welcome.json in Resources */ = {isa = PBXBuildFile; fileRef = 20AA1AFB2589DE580074B683 /* welcome.json */; };
		20AA1AFF2589DF8C0074B683 /* SignInViewController.swift in Sources */ = {isa = PBXBuildFile; fileRef = 20AA1AFE2589DF8C0074B683 /* SignInViewController.swift */; };
		20AA1B022589ECDC0074B683 /* UserDefaults.swift in Sources */ = {isa = PBXBuildFile; fileRef = 20AA1B012589ECDC0074B683 /* UserDefaults.swift */; };
		20AA1B05258AF0830074B683 /* SlideUpView.swift in Sources */ = {isa = PBXBuildFile; fileRef = 20AA1B04258AF0830074B683 /* SlideUpView.swift */; };
		20BBA887258C543600816870 /* CalendarView.swift in Sources */ = {isa = PBXBuildFile; fileRef = 20BBA886258C543600816870 /* CalendarView.swift */; };
		20D19BBE258B3E70003ABDD8 /* ColorPickerCollectionViewCell.swift in Sources */ = {isa = PBXBuildFile; fileRef = 20D19BBC258B3E70003ABDD8 /* ColorPickerCollectionViewCell.swift */; };
		20D19BBF258B3E70003ABDD8 /* ColorPickerCollectionViewCell.xib in Resources */ = {isa = PBXBuildFile; fileRef = 20D19BBD258B3E70003ABDD8 /* ColorPickerCollectionViewCell.xib */; };
		20F2CF1B25872FE6003B7B41 /* JournalTagsCollectionViewCell.swift in Sources */ = {isa = PBXBuildFile; fileRef = 20F2CF1A25872FE6003B7B41 /* JournalTagsCollectionViewCell.swift */; };
		20F2CF1E2587433D003B7B41 /* UITextViewExtension.swift in Sources */ = {isa = PBXBuildFile; fileRef = 20F2CF1D2587433D003B7B41 /* UITextViewExtension.swift */; };
		20F6E283256F822D0036F38C /* UIImageExtension.swift in Sources */ = {isa = PBXBuildFile; fileRef = 20F6E282256F822D0036F38C /* UIImageExtension.swift */; };
		20FBA4442577918700A58AF0 /* MainTabBarController.swift in Sources */ = {isa = PBXBuildFile; fileRef = 20FBA4432577918700A58AF0 /* MainTabBarController.swift */; };
		20FBA44725779A3000A58AF0 /* DetailJournalViewController.swift in Sources */ = {isa = PBXBuildFile; fileRef = 20FBA44625779A3000A58AF0 /* DetailJournalViewController.swift */; };
		20FBA44E25779A5100A58AF0 /* JournalDetailTableViewCell.swift in Sources */ = {isa = PBXBuildFile; fileRef = 20FBA44D25779A5100A58AF0 /* JournalDetailTableViewCell.swift */; };
		20FBA4512577C9D100A58AF0 /* TagSelectionViewController.swift in Sources */ = {isa = PBXBuildFile; fileRef = 20FBA4502577C9D100A58AF0 /* TagSelectionViewController.swift */; };
		20FBA4542577D02600A58AF0 /* TagSelectionTableViewCell.swift in Sources */ = {isa = PBXBuildFile; fileRef = 20FBA4532577D02600A58AF0 /* TagSelectionTableViewCell.swift */; };
		20FBA458257896B600A58AF0 /* JournalTag.swift in Sources */ = {isa = PBXBuildFile; fileRef = 20FBA457257896B600A58AF0 /* JournalTag.swift */; };
		20FBA45F2578B1A500A58AF0 /* DateExtension.swift in Sources */ = {isa = PBXBuildFile; fileRef = 20FBA45E2578B1A500A58AF0 /* DateExtension.swift */; };
		20FBA4622578B20200A58AF0 /* DoubleExtension.swift in Sources */ = {isa = PBXBuildFile; fileRef = 20FBA4612578B20200A58AF0 /* DoubleExtension.swift */; };
		20FBA4652578BCB800A58AF0 /* SignIn.storyboard in Resources */ = {isa = PBXBuildFile; fileRef = 20FBA4642578BCB800A58AF0 /* SignIn.storyboard */; };
		20FBA4962578CCAE00A58AF0 /* JournalManager.swift in Sources */ = {isa = PBXBuildFile; fileRef = 20FBA4952578CCAE00A58AF0 /* JournalManager.swift */; };
		20FBA4992579198700A58AF0 /* TimeTrackingManager.swift in Sources */ = {isa = PBXBuildFile; fileRef = 20FBA4982579198700A58AF0 /* TimeTrackingManager.swift */; };
		20FBA4E6257A41A200A58AF0 /* DetailJournalContentViewController.swift in Sources */ = {isa = PBXBuildFile; fileRef = 20FBA4E5257A41A200A58AF0 /* DetailJournalContentViewController.swift */; };
		E884CDF5DDDA7E5EEA9A626B /* Pods_EachDay.framework in Frameworks */ = {isa = PBXBuildFile; fileRef = CC369F7277BF410ED23CBE70 /* Pods_EachDay.framework */; };
/* End PBXBuildFile section */

/* Begin PBXContainerItemProxy section */
		206A6B6D259DB7620077130C /* PBXContainerItemProxy */ = {
			isa = PBXContainerItemProxy;
			containerPortal = 2009DE27256E270D00545439 /* Project object */;
			proxyType = 1;
			remoteGlobalIDString = 2009DE2E256E270D00545439;
			remoteInfo = EachDay;
		};
/* End PBXContainerItemProxy section */

/* Begin PBXFileReference section */
		2009DE2F256E270D00545439 /* EachDay.app */ = {isa = PBXFileReference; explicitFileType = wrapper.application; includeInIndex = 0; path = EachDay.app; sourceTree = BUILT_PRODUCTS_DIR; };
		2009DE32256E270D00545439 /* AppDelegate.swift */ = {isa = PBXFileReference; lastKnownFileType = sourcecode.swift; path = AppDelegate.swift; sourceTree = "<group>"; };
		2009DE34256E270D00545439 /* SceneDelegate.swift */ = {isa = PBXFileReference; lastKnownFileType = sourcecode.swift; path = SceneDelegate.swift; sourceTree = "<group>"; };
		2009DE36256E270D00545439 /* ViewController.swift */ = {isa = PBXFileReference; lastKnownFileType = sourcecode.swift; path = ViewController.swift; sourceTree = "<group>"; };
		2009DE39256E270D00545439 /* Base */ = {isa = PBXFileReference; lastKnownFileType = file.storyboard; name = Base; path = Base.lproj/Main.storyboard; sourceTree = "<group>"; };
		2009DE3B256E270F00545439 /* Assets.xcassets */ = {isa = PBXFileReference; lastKnownFileType = folder.assetcatalog; path = Assets.xcassets; sourceTree = "<group>"; };
		2009DE3E256E270F00545439 /* Base */ = {isa = PBXFileReference; lastKnownFileType = file.storyboard; name = Base; path = Base.lproj/LaunchScreen.storyboard; sourceTree = "<group>"; };
		2009DE40256E270F00545439 /* Info.plist */ = {isa = PBXFileReference; lastKnownFileType = text.plist.xml; path = Info.plist; sourceTree = "<group>"; };
		2009DE70256E310500545439 /* User.swift */ = {isa = PBXFileReference; lastKnownFileType = sourcecode.swift; path = User.swift; sourceTree = "<group>"; };
		2009DE78256E41B500545439 /* UserViewModel.swift */ = {isa = PBXFileReference; lastKnownFileType = sourcecode.swift; path = UserViewModel.swift; sourceTree = "<group>"; };
		2009DE7C256E461D00545439 /* TrackedTimeViewModel.swift */ = {isa = PBXFileReference; lastKnownFileType = sourcecode.swift; path = TrackedTimeViewModel.swift; sourceTree = "<group>"; };
		2009DE86256E4B8600545439 /* JournalViewModel.swift */ = {isa = PBXFileReference; lastKnownFileType = sourcecode.swift; path = JournalViewModel.swift; sourceTree = "<group>"; };
		2009DE8E256E557700545439 /* CardView.swift */ = {isa = PBXFileReference; lastKnownFileType = sourcecode.swift; path = CardView.swift; sourceTree = "<group>"; };
		2009DE91256E5A8400545439 /* JournalTableViewCell.swift */ = {isa = PBXFileReference; lastKnownFileType = sourcecode.swift; path = JournalTableViewCell.swift; sourceTree = "<group>"; };
		2009DEAC256EA82300545439 /* UIColorExtension.swift */ = {isa = PBXFileReference; lastKnownFileType = sourcecode.swift; path = UIColorExtension.swift; sourceTree = "<group>"; };
		2009DEB0256EAB1A00545439 /* MainPageGreetingsTableViewCell.swift */ = {isa = PBXFileReference; lastKnownFileType = sourcecode.swift; path = MainPageGreetingsTableViewCell.swift; sourceTree = "<group>"; };
		2009F85C2588567800B80193 /* CalendarExtension.swift */ = {isa = PBXFileReference; lastKnownFileType = sourcecode.swift; path = CalendarExtension.swift; sourceTree = "<group>"; };
		2013683525826A6E00C90BB6 /* BiometricAuthentication.swift */ = {isa = PBXFileReference; lastKnownFileType = sourcecode.swift; path = BiometricAuthentication.swift; sourceTree = "<group>"; };
		201953CD2585B85A004BF656 /* mailbox.json */ = {isa = PBXFileReference; fileEncoding = 4; lastKnownFileType = text.json; path = mailbox.json; sourceTree = "<group>"; };
		201953E12585FD21004BF656 /* CustomAlert.swift */ = {isa = PBXFileReference; lastKnownFileType = sourcecode.swift; path = CustomAlert.swift; sourceTree = "<group>"; };
		2019542C2586FC72004BF656 /* DetailJournalContentView.storyboard */ = {isa = PBXFileReference; lastKnownFileType = file.storyboard; path = DetailJournalContentView.storyboard; sourceTree = "<group>"; };
		2019553A25776B4E006FA8E8 /* CalendarMainViewController.swift */ = {isa = PBXFileReference; lastKnownFileType = sourcecode.swift; path = CalendarMainViewController.swift; sourceTree = "<group>"; };
		2019553D25776BB4006FA8E8 /* CalendarMainCollectionViewCell.swift */ = {isa = PBXFileReference; lastKnownFileType = sourcecode.swift; path = CalendarMainCollectionViewCell.swift; sourceTree = "<group>"; };
		2019556825778C70006FA8E8 /* SelectionViewController.swift */ = {isa = PBXFileReference; lastKnownFileType = sourcecode.swift; path = SelectionViewController.swift; sourceTree = "<group>"; };
		201B28D32580774400FB6A77 /* Tags.storyboard */ = {isa = PBXFileReference; fileEncoding = 4; lastKnownFileType = file.storyboard; path = Tags.storyboard; sourceTree = "<group>"; };
		201B28DB25807C5A00FB6A77 /* UserSettingTagsTableViewCell.swift */ = {isa = PBXFileReference; lastKnownFileType = sourcecode.swift; path = UserSettingTagsTableViewCell.swift; sourceTree = "<group>"; };
		2023E65E258475C1001C43E8 /* FilterJournalView.storyboard */ = {isa = PBXFileReference; lastKnownFileType = file.storyboard; path = FilterJournalView.storyboard; sourceTree = "<group>"; };
		2023E68425847A15001C43E8 /* FilterJournalViewController.swift */ = {isa = PBXFileReference; lastKnownFileType = sourcecode.swift; path = FilterJournalViewController.swift; sourceTree = "<group>"; };
		2023E68725847A5A001C43E8 /* FilterJournalTableViewCell.swift */ = {isa = PBXFileReference; lastKnownFileType = sourcecode.swift; path = FilterJournalTableViewCell.swift; sourceTree = "<group>"; };
		2023F6CC25943A5E00A3ACC4 /* RoutineReminderTableViewCell.swift */ = {isa = PBXFileReference; lastKnownFileType = sourcecode.swift; path = RoutineReminderTableViewCell.swift; sourceTree = "<group>"; };
		2023F6CF25943CD400A3ACC4 /* RoutineReminderViewController.swift */ = {isa = PBXFileReference; lastKnownFileType = sourcecode.swift; path = RoutineReminderViewController.swift; sourceTree = "<group>"; };
		2023F6D8259443EC00A3ACC4 /* notification.json */ = {isa = PBXFileReference; fileEncoding = 4; lastKnownFileType = text.json; path = notification.json; sourceTree = "<group>"; };
		203142932570D048006410A8 /* WriteTimeCapsuleViewController.swift */ = {isa = PBXFileReference; lastKnownFileType = sourcecode.swift; path = WriteTimeCapsuleViewController.swift; sourceTree = "<group>"; };
		203142962570E441006410A8 /* TimeTrackingButton.swift */ = {isa = PBXFileReference; lastKnownFileType = sourcecode.swift; path = TimeTrackingButton.swift; sourceTree = "<group>"; };
		203142992570E518006410A8 /* TimeTrackingMainPageViewController.swift */ = {isa = PBXFileReference; lastKnownFileType = sourcecode.swift; path = TimeTrackingMainPageViewController.swift; sourceTree = "<group>"; };
		2031429C2570E655006410A8 /* TimeTrackingMainCollectionViewCell.swift */ = {isa = PBXFileReference; lastKnownFileType = sourcecode.swift; path = TimeTrackingMainCollectionViewCell.swift; sourceTree = "<group>"; };
		2031429F2570E668006410A8 /* TimeTrackingMainTableViewCell.swift */ = {isa = PBXFileReference; lastKnownFileType = sourcecode.swift; path = TimeTrackingMainTableViewCell.swift; sourceTree = "<group>"; };
		203142CE25710367006410A8 /* PaddingLabel.swift */ = {isa = PBXFileReference; lastKnownFileType = sourcecode.swift; path = PaddingLabel.swift; sourceTree = "<group>"; };
		203A94E2258F07FB002B7936 /* loading-dots.json */ = {isa = PBXFileReference; fileEncoding = 4; lastKnownFileType = text.json; path = "loading-dots.json"; sourceTree = "<group>"; };
		203A950D2591CD9A002B7936 /* EachDay.entitlements */ = {isa = PBXFileReference; lastKnownFileType = text.plist.entitlements; path = EachDay.entitlements; sourceTree = "<group>"; };
		203E9599259B0DF8002877EC /* GoogleService-Info.plist */ = {isa = PBXFileReference; fileEncoding = 4; lastKnownFileType = text.plist.xml; path = "GoogleService-Info.plist"; sourceTree = "<group>"; };
		205101672580A69100E7D985 /* Passcode.storyboard */ = {isa = PBXFileReference; lastKnownFileType = file.storyboard; path = Passcode.storyboard; sourceTree = "<group>"; };
		2051016E2580CC6300E7D985 /* PasscodeViewController.swift */ = {isa = PBXFileReference; lastKnownFileType = sourcecode.swift; path = PasscodeViewController.swift; sourceTree = "<group>"; };
		205101962581164700E7D985 /* UserManager.swift */ = {isa = PBXFileReference; lastKnownFileType = sourcecode.swift; path = UserManager.swift; sourceTree = "<group>"; };
		2053B85A257F227A005DFA24 /* UserSettingViewController.swift */ = {isa = PBXFileReference; lastKnownFileType = sourcecode.swift; path = UserSettingViewController.swift; sourceTree = "<group>"; };
		2053B85D257F2296005DFA24 /* UserSetting.storyboard */ = {isa = PBXFileReference; lastKnownFileType = file.storyboard; path = UserSetting.storyboard; sourceTree = "<group>"; };
		2053B880257F56D9005DFA24 /* UIViewExtension.swift */ = {isa = PBXFileReference; lastKnownFileType = sourcecode.swift; path = UIViewExtension.swift; sourceTree = "<group>"; };
		2053B883257F7224005DFA24 /* ProfileTableViewCell.swift */ = {isa = PBXFileReference; lastKnownFileType = sourcecode.swift; path = ProfileTableViewCell.swift; sourceTree = "<group>"; };
		2053B886257F7234005DFA24 /* SettingsTableViewCell.swift */ = {isa = PBXFileReference; lastKnownFileType = sourcecode.swift; path = SettingsTableViewCell.swift; sourceTree = "<group>"; };
		2053B88A257F7CCE005DFA24 /* Settings.swift */ = {isa = PBXFileReference; lastKnownFileType = sourcecode.swift; path = Settings.swift; sourceTree = "<group>"; };
		206A6B4D259D86E40077130C /* EachDayTests.swift */ = {isa = PBXFileReference; lastKnownFileType = sourcecode.swift; path = EachDayTests.swift; sourceTree = "<group>"; };
		206A6B4F259D86E50077130C /* Info.plist */ = {isa = PBXFileReference; lastKnownFileType = text.plist.xml; path = Info.plist; sourceTree = "<group>"; };
		206A6B68259DB7620077130C /* EachDayTests.xctest */ = {isa = PBXFileReference; explicitFileType = wrapper.cfbundle; includeInIndex = 0; path = EachDayTests.xctest; sourceTree = BUILT_PRODUCTS_DIR; };
		206A6B6A259DB7620077130C /* EachDayTests.swift */ = {isa = PBXFileReference; lastKnownFileType = sourcecode.swift; path = EachDayTests.swift; sourceTree = "<group>"; };
		206A6B6C259DB7620077130C /* Info.plist */ = {isa = PBXFileReference; lastKnownFileType = text.plist.xml; path = Info.plist; sourceTree = "<group>"; };
		20733BC525725DEB004B4A3B /* CreateNewTask.storyboard */ = {isa = PBXFileReference; lastKnownFileType = file.storyboard; path = CreateNewTask.storyboard; sourceTree = "<group>"; };
		20733BC825725E62004B4A3B /* CreateNewTaskViewController.swift */ = {isa = PBXFileReference; lastKnownFileType = sourcecode.swift; path = CreateNewTaskViewController.swift; sourceTree = "<group>"; };
		20733BD025732D81004B4A3B /* StopWatch.swift */ = {isa = PBXFileReference; lastKnownFileType = sourcecode.swift; path = StopWatch.swift; sourceTree = "<group>"; };
		20733BD32573526E004B4A3B /* TimeTrackingTagViewController.swift */ = {isa = PBXFileReference; lastKnownFileType = sourcecode.swift; path = TimeTrackingTagViewController.swift; sourceTree = "<group>"; };
		20733BDA25739125004B4A3B /* TimeTrackingTagTableViewCell.swift */ = {isa = PBXFileReference; lastKnownFileType = sourcecode.swift; path = TimeTrackingTagTableViewCell.swift; sourceTree = "<group>"; };
		20733BDD25739156004B4A3B /* AddNewTagTableViewCell.swift */ = {isa = PBXFileReference; lastKnownFileType = sourcecode.swift; path = AddNewTagTableViewCell.swift; sourceTree = "<group>"; };
		20733BE025748A83004B4A3B /* TimeTrackingTopTableViewCell.swift */ = {isa = PBXFileReference; lastKnownFileType = sourcecode.swift; path = TimeTrackingTopTableViewCell.swift; sourceTree = "<group>"; };
		20733C1A25760CB2004B4A3B /* TimeTrackingSummary.storyboard */ = {isa = PBXFileReference; lastKnownFileType = file.storyboard; path = TimeTrackingSummary.storyboard; sourceTree = "<group>"; };
		20733C1D25760CC3004B4A3B /* TimeTrackingSummaryViewController.swift */ = {isa = PBXFileReference; lastKnownFileType = sourcecode.swift; path = TimeTrackingSummaryViewController.swift; sourceTree = "<group>"; };
		20733C2025760F8E004B4A3B /* TimeTrackingSummaryTableViewCell.swift */ = {isa = PBXFileReference; lastKnownFileType = sourcecode.swift; path = TimeTrackingSummaryTableViewCell.swift; sourceTree = "<group>"; };
		2098B158256F8DDF00AAC1CB /* WriteJournal.storyboard */ = {isa = PBXFileReference; lastKnownFileType = file.storyboard; path = WriteJournal.storyboard; sourceTree = "<group>"; };
		2098B15E256F944800AAC1CB /* WriteJournalViewController.swift */ = {isa = PBXFileReference; lastKnownFileType = sourcecode.swift; path = WriteJournalViewController.swift; sourceTree = "<group>"; };
		2098B161256F9A9800AAC1CB /* Helper.swift */ = {isa = PBXFileReference; lastKnownFileType = sourcecode.swift; path = Helper.swift; sourceTree = "<group>"; };
		2098B164256FB2C600AAC1CB /* TimeCapsule.storyboard */ = {isa = PBXFileReference; lastKnownFileType = file.storyboard; path = TimeCapsule.storyboard; sourceTree = "<group>"; };
		2098B167256FB39F00AAC1CB /* TimeCapsuleViewController.swift */ = {isa = PBXFileReference; lastKnownFileType = sourcecode.swift; path = TimeCapsuleViewController.swift; sourceTree = "<group>"; };
		20A5D3D52583212E0009F3FC /* Notifications.swift */ = {isa = PBXFileReference; lastKnownFileType = sourcecode.swift; path = Notifications.swift; sourceTree = "<group>"; };
		20A9A52125A6EAB30054A9BD /* UIButtonExtension.swift */ = {isa = PBXFileReference; lastKnownFileType = sourcecode.swift; path = UIButtonExtension.swift; sourceTree = "<group>"; };
		20AA1AE825889F510074B683 /* mail-send.json */ = {isa = PBXFileReference; fileEncoding = 4; lastKnownFileType = text.json; path = "mail-send.json"; sourceTree = "<group>"; };
		20AA1AEB2588F0E40074B683 /* empty.json */ = {isa = PBXFileReference; fileEncoding = 4; lastKnownFileType = text.json; path = empty.json; sourceTree = "<group>"; };
		20AA1AEE2589A3040074B683 /* UILabelExtension.swift */ = {isa = PBXFileReference; lastKnownFileType = sourcecode.swift; path = UILabelExtension.swift; sourceTree = "<group>"; };
		20AA1AF52589AC770074B683 /* LoadingView.swift */ = {isa = PBXFileReference; lastKnownFileType = sourcecode.swift; path = LoadingView.swift; sourceTree = "<group>"; };
		20AA1AF82589AE720074B683 /* loading.json */ = {isa = PBXFileReference; fileEncoding = 4; lastKnownFileType = text.json; path = loading.json; sourceTree = "<group>"; };
		20AA1AFB2589DE580074B683 /* welcome.json */ = {isa = PBXFileReference; fileEncoding = 4; lastKnownFileType = text.json; path = welcome.json; sourceTree = "<group>"; };
		20AA1AFE2589DF8C0074B683 /* SignInViewController.swift */ = {isa = PBXFileReference; lastKnownFileType = sourcecode.swift; path = SignInViewController.swift; sourceTree = "<group>"; };
		20AA1B012589ECDC0074B683 /* UserDefaults.swift */ = {isa = PBXFileReference; lastKnownFileType = sourcecode.swift; path = UserDefaults.swift; sourceTree = "<group>"; };
		20AA1B04258AF0830074B683 /* SlideUpView.swift */ = {isa = PBXFileReference; lastKnownFileType = sourcecode.swift; path = SlideUpView.swift; sourceTree = "<group>"; };
		20BBA886258C543600816870 /* CalendarView.swift */ = {isa = PBXFileReference; lastKnownFileType = sourcecode.swift; path = CalendarView.swift; sourceTree = "<group>"; };
		20D19BBC258B3E70003ABDD8 /* ColorPickerCollectionViewCell.swift */ = {isa = PBXFileReference; lastKnownFileType = sourcecode.swift; path = ColorPickerCollectionViewCell.swift; sourceTree = "<group>"; };
		20D19BBD258B3E70003ABDD8 /* ColorPickerCollectionViewCell.xib */ = {isa = PBXFileReference; lastKnownFileType = file.xib; path = ColorPickerCollectionViewCell.xib; sourceTree = "<group>"; };
		20F2CF1A25872FE6003B7B41 /* JournalTagsCollectionViewCell.swift */ = {isa = PBXFileReference; lastKnownFileType = sourcecode.swift; path = JournalTagsCollectionViewCell.swift; sourceTree = "<group>"; };
		20F2CF1D2587433D003B7B41 /* UITextViewExtension.swift */ = {isa = PBXFileReference; lastKnownFileType = sourcecode.swift; path = UITextViewExtension.swift; sourceTree = "<group>"; };
		20F6E282256F822D0036F38C /* UIImageExtension.swift */ = {isa = PBXFileReference; lastKnownFileType = sourcecode.swift; path = UIImageExtension.swift; sourceTree = "<group>"; };
		20FBA4432577918700A58AF0 /* MainTabBarController.swift */ = {isa = PBXFileReference; lastKnownFileType = sourcecode.swift; path = MainTabBarController.swift; sourceTree = "<group>"; };
		20FBA44625779A3000A58AF0 /* DetailJournalViewController.swift */ = {isa = PBXFileReference; lastKnownFileType = sourcecode.swift; path = DetailJournalViewController.swift; sourceTree = "<group>"; };
		20FBA44D25779A5100A58AF0 /* JournalDetailTableViewCell.swift */ = {isa = PBXFileReference; lastKnownFileType = sourcecode.swift; path = JournalDetailTableViewCell.swift; sourceTree = "<group>"; };
		20FBA4502577C9D100A58AF0 /* TagSelectionViewController.swift */ = {isa = PBXFileReference; lastKnownFileType = sourcecode.swift; path = TagSelectionViewController.swift; sourceTree = "<group>"; };
		20FBA4532577D02600A58AF0 /* TagSelectionTableViewCell.swift */ = {isa = PBXFileReference; lastKnownFileType = sourcecode.swift; path = TagSelectionTableViewCell.swift; sourceTree = "<group>"; };
		20FBA457257896B600A58AF0 /* JournalTag.swift */ = {isa = PBXFileReference; lastKnownFileType = sourcecode.swift; path = JournalTag.swift; sourceTree = "<group>"; };
		20FBA45E2578B1A500A58AF0 /* DateExtension.swift */ = {isa = PBXFileReference; lastKnownFileType = sourcecode.swift; path = DateExtension.swift; sourceTree = "<group>"; };
		20FBA4612578B20200A58AF0 /* DoubleExtension.swift */ = {isa = PBXFileReference; lastKnownFileType = sourcecode.swift; path = DoubleExtension.swift; sourceTree = "<group>"; };
		20FBA4642578BCB800A58AF0 /* SignIn.storyboard */ = {isa = PBXFileReference; lastKnownFileType = file.storyboard; path = SignIn.storyboard; sourceTree = "<group>"; };
		20FBA4952578CCAE00A58AF0 /* JournalManager.swift */ = {isa = PBXFileReference; lastKnownFileType = sourcecode.swift; path = JournalManager.swift; sourceTree = "<group>"; };
		20FBA4982579198700A58AF0 /* TimeTrackingManager.swift */ = {isa = PBXFileReference; lastKnownFileType = sourcecode.swift; path = TimeTrackingManager.swift; sourceTree = "<group>"; };
		20FBA4E5257A41A200A58AF0 /* DetailJournalContentViewController.swift */ = {isa = PBXFileReference; lastKnownFileType = sourcecode.swift; path = DetailJournalContentViewController.swift; sourceTree = "<group>"; };
		2F80B47D19AAB31240901A69 /* Pods-EachDay.release.xcconfig */ = {isa = PBXFileReference; includeInIndex = 1; lastKnownFileType = text.xcconfig; name = "Pods-EachDay.release.xcconfig"; path = "Target Support Files/Pods-EachDay/Pods-EachDay.release.xcconfig"; sourceTree = "<group>"; };
		CC369F7277BF410ED23CBE70 /* Pods_EachDay.framework */ = {isa = PBXFileReference; explicitFileType = wrapper.framework; includeInIndex = 0; path = Pods_EachDay.framework; sourceTree = BUILT_PRODUCTS_DIR; };
		E2187CA55EBA2599E09BB815 /* Pods-EachDay.debug.xcconfig */ = {isa = PBXFileReference; includeInIndex = 1; lastKnownFileType = text.xcconfig; name = "Pods-EachDay.debug.xcconfig"; path = "Target Support Files/Pods-EachDay/Pods-EachDay.debug.xcconfig"; sourceTree = "<group>"; };
/* End PBXFileReference section */

/* Begin PBXFrameworksBuildPhase section */
		2009DE2C256E270D00545439 /* Frameworks */ = {
			isa = PBXFrameworksBuildPhase;
			buildActionMask = 2147483647;
			files = (
				E884CDF5DDDA7E5EEA9A626B /* Pods_EachDay.framework in Frameworks */,
			);
			runOnlyForDeploymentPostprocessing = 0;
		};
		206A6B65259DB7620077130C /* Frameworks */ = {
			isa = PBXFrameworksBuildPhase;
			buildActionMask = 2147483647;
			files = (
			);
			runOnlyForDeploymentPostprocessing = 0;
		};
/* End PBXFrameworksBuildPhase section */

/* Begin PBXGroup section */
		2009DE26256E270D00545439 = {
			isa = PBXGroup;
			children = (
				2009DE31256E270D00545439 /* EachDay */,
				206A6B4C259D86E40077130C /* EachDayTests */,
				206A6B69259DB7620077130C /* EachDayTests */,
				2009DE30256E270D00545439 /* Products */,
				D4C3B707630014EF24F03CEE /* Pods */,
				FA09CD32197E57AB2F01CA0E /* Frameworks */,
			);
			sourceTree = "<group>";
		};
		2009DE30256E270D00545439 /* Products */ = {
			isa = PBXGroup;
			children = (
				2009DE2F256E270D00545439 /* EachDay.app */,
				206A6B68259DB7620077130C /* EachDayTests.xctest */,
			);
			name = Products;
			sourceTree = "<group>";
		};
		2009DE31256E270D00545439 /* EachDay */ = {
			isa = PBXGroup;
			children = (
				203A950D2591CD9A002B7936 /* EachDay.entitlements */,
				2009DE32256E270D00545439 /* AppDelegate.swift */,
				2009DE34256E270D00545439 /* SceneDelegate.swift */,
				2009DE36256E270D00545439 /* ViewController.swift */,
				2098B15B256F8DEC00AAC1CB /* Storyboards */,
				2009DE75256E311800545439 /* ViewController */,
				2009DEB3256EAB1D00545439 /* Cells */,
				20FBA4942578CC8E00A58AF0 /* Networking */,
				2009DE74256E311000545439 /* View */,
				2009DE73256E310A00545439 /* Model */,
				2009DE77256E41A200545439 /* ViewModel */,
				2009DEAB256EA81100545439 /* Extensions */,
				2009DE3B256E270F00545439 /* Assets.xcassets */,
				2009DE3D256E270F00545439 /* LaunchScreen.storyboard */,
				203E9599259B0DF8002877EC /* GoogleService-Info.plist */,
				2009DE40256E270F00545439 /* Info.plist */,
			);
			path = EachDay;
			sourceTree = "<group>";
		};
		2009DE73256E310A00545439 /* Model */ = {
			isa = PBXGroup;
			children = (
				20A5D3D52583212E0009F3FC /* Notifications.swift */,
				20BBA886258C543600816870 /* CalendarView.swift */,
				2009DE70256E310500545439 /* User.swift */,
				20FBA457257896B600A58AF0 /* JournalTag.swift */,
				203142962570E441006410A8 /* TimeTrackingButton.swift */,
				2053B88A257F7CCE005DFA24 /* Settings.swift */,
				20733BD025732D81004B4A3B /* StopWatch.swift */,
				20AA1B012589ECDC0074B683 /* UserDefaults.swift */,
			);
			path = Model;
			sourceTree = "<group>";
		};
		2009DE74256E311000545439 /* View */ = {
			isa = PBXGroup;
			children = (
				201953E12585FD21004BF656 /* CustomAlert.swift */,
				20AA1AF52589AC770074B683 /* LoadingView.swift */,
				2009DE8E256E557700545439 /* CardView.swift */,
				20AA1B04258AF0830074B683 /* SlideUpView.swift */,
				201953CD2585B85A004BF656 /* mailbox.json */,
				20AA1AE825889F510074B683 /* mail-send.json */,
				20AA1AEB2588F0E40074B683 /* empty.json */,
				20AA1AF82589AE720074B683 /* loading.json */,
				20AA1AFB2589DE580074B683 /* welcome.json */,
				203A94E2258F07FB002B7936 /* loading-dots.json */,
				2023F6D8259443EC00A3ACC4 /* notification.json */,
			);
			path = View;
			sourceTree = "<group>";
		};
		2009DE75256E311800545439 /* ViewController */ = {
			isa = PBXGroup;
			children = (
				20FBA4432577918700A58AF0 /* MainTabBarController.swift */,
				20AA1AFE2589DF8C0074B683 /* SignInViewController.swift */,
				201B28D6258079D700FB6A77 /* User Settings */,
				20FBA45A2578996700A58AF0 /* Journal */,
				20FBA4A1257A04B600A58AF0 /* Time Tracking */,
			);
			path = ViewController;
			sourceTree = "<group>";
		};
		2009DE77256E41A200545439 /* ViewModel */ = {
			isa = PBXGroup;
			children = (
				2009DE78256E41B500545439 /* UserViewModel.swift */,
				2009DE7C256E461D00545439 /* TrackedTimeViewModel.swift */,
				2009DE86256E4B8600545439 /* JournalViewModel.swift */,
			);
			path = ViewModel;
			sourceTree = "<group>";
		};
		2009DEAB256EA81100545439 /* Extensions */ = {
			isa = PBXGroup;
			children = (
				2009DEAC256EA82300545439 /* UIColorExtension.swift */,
				20F6E282256F822D0036F38C /* UIImageExtension.swift */,
				2098B161256F9A9800AAC1CB /* Helper.swift */,
				203142CE25710367006410A8 /* PaddingLabel.swift */,
				20FBA45E2578B1A500A58AF0 /* DateExtension.swift */,
				2009F85C2588567800B80193 /* CalendarExtension.swift */,
				20FBA4612578B20200A58AF0 /* DoubleExtension.swift */,
				20F2CF1D2587433D003B7B41 /* UITextViewExtension.swift */,
				2053B880257F56D9005DFA24 /* UIViewExtension.swift */,
				20AA1AEE2589A3040074B683 /* UILabelExtension.swift */,
				20A9A52125A6EAB30054A9BD /* UIButtonExtension.swift */,
			);
			path = Extensions;
			sourceTree = "<group>";
		};
		2009DEB3256EAB1D00545439 /* Cells */ = {
			isa = PBXGroup;
			children = (
				2053B883257F7224005DFA24 /* ProfileTableViewCell.swift */,
				2053B886257F7234005DFA24 /* SettingsTableViewCell.swift */,
				201B28DB25807C5A00FB6A77 /* UserSettingTagsTableViewCell.swift */,
				2023F6CC25943A5E00A3ACC4 /* RoutineReminderTableViewCell.swift */,
				20D19BBC258B3E70003ABDD8 /* ColorPickerCollectionViewCell.swift */,
				20D19BBD258B3E70003ABDD8 /* ColorPickerCollectionViewCell.xib */,
				20FBA4A5257A04EC00A58AF0 /* Journal */,
				20FBA4A6257A04F200A58AF0 /* Time Tracking */,
			);
			path = Cells;
			sourceTree = "<group>";
		};
		201B28D6258079D700FB6A77 /* User Settings */ = {
			isa = PBXGroup;
			children = (
				2053B85A257F227A005DFA24 /* UserSettingViewController.swift */,
				2051016E2580CC6300E7D985 /* PasscodeViewController.swift */,
				2013683525826A6E00C90BB6 /* BiometricAuthentication.swift */,
				2023F6CF25943CD400A3ACC4 /* RoutineReminderViewController.swift */,
			);
			path = "User Settings";
			sourceTree = "<group>";
		};
		206A6B4C259D86E40077130C /* EachDayTests */ = {
			isa = PBXGroup;
			children = (
				206A6B4D259D86E40077130C /* EachDayTests.swift */,
				206A6B4F259D86E50077130C /* Info.plist */,
			);
			path = EachDayTests;
			sourceTree = "<group>";
		};
		206A6B69259DB7620077130C /* EachDayTests */ = {
			isa = PBXGroup;
			children = (
				206A6B6A259DB7620077130C /* EachDayTests.swift */,
				206A6B6C259DB7620077130C /* Info.plist */,
			);
			path = EachDayTests;
			sourceTree = "<group>";
		};
		2098B15B256F8DEC00AAC1CB /* Storyboards */ = {
			isa = PBXGroup;
			children = (
				2009DE38256E270D00545439 /* Main.storyboard */,
				2019542C2586FC72004BF656 /* DetailJournalContentView.storyboard */,
				2098B158256F8DDF00AAC1CB /* WriteJournal.storyboard */,
				201B28D32580774400FB6A77 /* Tags.storyboard */,
				2098B164256FB2C600AAC1CB /* TimeCapsule.storyboard */,
				20733BC525725DEB004B4A3B /* CreateNewTask.storyboard */,
				20733C1A25760CB2004B4A3B /* TimeTrackingSummary.storyboard */,
				20FBA4642578BCB800A58AF0 /* SignIn.storyboard */,
				2053B85D257F2296005DFA24 /* UserSetting.storyboard */,
				205101672580A69100E7D985 /* Passcode.storyboard */,
				2023E65E258475C1001C43E8 /* FilterJournalView.storyboard */,
			);
			path = Storyboards;
			sourceTree = "<group>";
		};
		20FBA45A2578996700A58AF0 /* Journal */ = {
			isa = PBXGroup;
			children = (
				2019553A25776B4E006FA8E8 /* CalendarMainViewController.swift */,
				2019556825778C70006FA8E8 /* SelectionViewController.swift */,
				20FBA44625779A3000A58AF0 /* DetailJournalViewController.swift */,
				20FBA4E5257A41A200A58AF0 /* DetailJournalContentViewController.swift */,
				2023E68425847A15001C43E8 /* FilterJournalViewController.swift */,
				20FBA45B2578997600A58AF0 /* Write Journal */,
				20FBA45C2578997F00A58AF0 /* Time Capsule */,
			);
			path = Journal;
			sourceTree = "<group>";
		};
		20FBA45B2578997600A58AF0 /* Write Journal */ = {
			isa = PBXGroup;
			children = (
				2098B15E256F944800AAC1CB /* WriteJournalViewController.swift */,
				20FBA4502577C9D100A58AF0 /* TagSelectionViewController.swift */,
			);
			path = "Write Journal";
			sourceTree = "<group>";
		};
		20FBA45C2578997F00A58AF0 /* Time Capsule */ = {
			isa = PBXGroup;
			children = (
				2098B167256FB39F00AAC1CB /* TimeCapsuleViewController.swift */,
				203142932570D048006410A8 /* WriteTimeCapsuleViewController.swift */,
			);
			path = "Time Capsule";
			sourceTree = "<group>";
		};
		20FBA4942578CC8E00A58AF0 /* Networking */ = {
			isa = PBXGroup;
			children = (
				20FBA4952578CCAE00A58AF0 /* JournalManager.swift */,
				205101962581164700E7D985 /* UserManager.swift */,
				20FBA4982579198700A58AF0 /* TimeTrackingManager.swift */,
			);
			path = Networking;
			sourceTree = "<group>";
		};
		20FBA4A1257A04B600A58AF0 /* Time Tracking */ = {
			isa = PBXGroup;
			children = (
				20733BC825725E62004B4A3B /* CreateNewTaskViewController.swift */,
				203142992570E518006410A8 /* TimeTrackingMainPageViewController.swift */,
				20733BD32573526E004B4A3B /* TimeTrackingTagViewController.swift */,
				20733C1D25760CC3004B4A3B /* TimeTrackingSummaryViewController.swift */,
			);
			path = "Time Tracking";
			sourceTree = "<group>";
		};
		20FBA4A5257A04EC00A58AF0 /* Journal */ = {
			isa = PBXGroup;
			children = (
				2009DEB0256EAB1A00545439 /* MainPageGreetingsTableViewCell.swift */,
				2009DE91256E5A8400545439 /* JournalTableViewCell.swift */,
				20FBA44D25779A5100A58AF0 /* JournalDetailTableViewCell.swift */,
				2019553D25776BB4006FA8E8 /* CalendarMainCollectionViewCell.swift */,
				20FBA4532577D02600A58AF0 /* TagSelectionTableViewCell.swift */,
				2023E68725847A5A001C43E8 /* FilterJournalTableViewCell.swift */,
				20F2CF1A25872FE6003B7B41 /* JournalTagsCollectionViewCell.swift */,
			);
			path = Journal;
			sourceTree = "<group>";
		};
		20FBA4A6257A04F200A58AF0 /* Time Tracking */ = {
			isa = PBXGroup;
			children = (
				2031429C2570E655006410A8 /* TimeTrackingMainCollectionViewCell.swift */,
				2031429F2570E668006410A8 /* TimeTrackingMainTableViewCell.swift */,
				20733BDA25739125004B4A3B /* TimeTrackingTagTableViewCell.swift */,
				20733BDD25739156004B4A3B /* AddNewTagTableViewCell.swift */,
				20733C2025760F8E004B4A3B /* TimeTrackingSummaryTableViewCell.swift */,
				20733BE025748A83004B4A3B /* TimeTrackingTopTableViewCell.swift */,
			);
			path = "Time Tracking";
			sourceTree = "<group>";
		};
		D4C3B707630014EF24F03CEE /* Pods */ = {
			isa = PBXGroup;
			children = (
				E2187CA55EBA2599E09BB815 /* Pods-EachDay.debug.xcconfig */,
				2F80B47D19AAB31240901A69 /* Pods-EachDay.release.xcconfig */,
			);
			path = Pods;
			sourceTree = "<group>";
		};
		FA09CD32197E57AB2F01CA0E /* Frameworks */ = {
			isa = PBXGroup;
			children = (
				CC369F7277BF410ED23CBE70 /* Pods_EachDay.framework */,
			);
			name = Frameworks;
			sourceTree = "<group>";
		};
/* End PBXGroup section */

/* Begin PBXNativeTarget section */
		2009DE2E256E270D00545439 /* EachDay */ = {
			isa = PBXNativeTarget;
			buildConfigurationList = 2009DE43256E270F00545439 /* Build configuration list for PBXNativeTarget "EachDay" */;
			buildPhases = (
				A399A99DA25D3F5E6EF14F6F /* [CP] Check Pods Manifest.lock */,
				2009DE2B256E270D00545439 /* Sources */,
				2009DE2C256E270D00545439 /* Frameworks */,
				2009DE2D256E270D00545439 /* Resources */,
				D1E5CAA6732A627912FCB0BA /* [CP] Embed Pods Frameworks */,
				2009DE8C256E4EEB00545439 /* SwiftLint */,
				203E9597259B0C5F002877EC /* Crashlytics */,
			);
			buildRules = (
			);
			dependencies = (
			);
			name = EachDay;
			productName = EachDay;
			productReference = 2009DE2F256E270D00545439 /* EachDay.app */;
			productType = "com.apple.product-type.application";
		};
		206A6B67259DB7620077130C /* EachDayTests */ = {
			isa = PBXNativeTarget;
			buildConfigurationList = 206A6B6F259DB7620077130C /* Build configuration list for PBXNativeTarget "EachDayTests" */;
			buildPhases = (
				206A6B64259DB7620077130C /* Sources */,
				206A6B65259DB7620077130C /* Frameworks */,
				206A6B66259DB7620077130C /* Resources */,
			);
			buildRules = (
			);
			dependencies = (
				206A6B6E259DB7620077130C /* PBXTargetDependency */,
			);
			name = EachDayTests;
			productName = EachDayTests;
			productReference = 206A6B68259DB7620077130C /* EachDayTests.xctest */;
			productType = "com.apple.product-type.bundle.unit-test";
		};
/* End PBXNativeTarget section */

/* Begin PBXProject section */
		2009DE27256E270D00545439 /* Project object */ = {
			isa = PBXProject;
			attributes = {
				LastSwiftUpdateCheck = 1220;
				LastUpgradeCheck = 1210;
				TargetAttributes = {
					2009DE2E256E270D00545439 = {
						CreatedOnToolsVersion = 12.1;
					};
					206A6B67259DB7620077130C = {
						CreatedOnToolsVersion = 12.2;
						TestTargetID = 2009DE2E256E270D00545439;
					};
				};
			};
			buildConfigurationList = 2009DE2A256E270D00545439 /* Build configuration list for PBXProject "EachDay" */;
			compatibilityVersion = "Xcode 9.3";
			developmentRegion = en;
			hasScannedForEncodings = 0;
			knownRegions = (
				en,
				Base,
			);
			mainGroup = 2009DE26256E270D00545439;
			productRefGroup = 2009DE30256E270D00545439 /* Products */;
			projectDirPath = "";
			projectRoot = "";
			targets = (
				2009DE2E256E270D00545439 /* EachDay */,
				206A6B67259DB7620077130C /* EachDayTests */,
			);
		};
/* End PBXProject section */

/* Begin PBXResourcesBuildPhase section */
		2009DE2D256E270D00545439 /* Resources */ = {
			isa = PBXResourcesBuildPhase;
			buildActionMask = 2147483647;
			files = (
				20AA1AE925889F510074B683 /* mail-send.json in Resources */,
				2053B85E257F2296005DFA24 /* UserSetting.storyboard in Resources */,
				203E959A259B0DF8002877EC /* GoogleService-Info.plist in Resources */,
				20733BC625725DEB004B4A3B /* CreateNewTask.storyboard in Resources */,
				201953CE2585B85A004BF656 /* mailbox.json in Resources */,
				203A94E3258F07FB002B7936 /* loading-dots.json in Resources */,
				2023E65F258475C1001C43E8 /* FilterJournalView.storyboard in Resources */,
				2098B159256F8DDF00AAC1CB /* WriteJournal.storyboard in Resources */,
				20AA1AFC2589DE580074B683 /* welcome.json in Resources */,
				201B28D42580774400FB6A77 /* Tags.storyboard in Resources */,
				205101682580A69100E7D985 /* Passcode.storyboard in Resources */,
				20AA1AF92589AE720074B683 /* loading.json in Resources */,
				20D19BBF258B3E70003ABDD8 /* ColorPickerCollectionViewCell.xib in Resources */,
				2098B165256FB2C600AAC1CB /* TimeCapsule.storyboard in Resources */,
				2009DE3F256E270F00545439 /* LaunchScreen.storyboard in Resources */,
				20FBA4652578BCB800A58AF0 /* SignIn.storyboard in Resources */,
				2023F6D9259443EC00A3ACC4 /* notification.json in Resources */,
				20733C1B25760CB2004B4A3B /* TimeTrackingSummary.storyboard in Resources */,
				2009DE3C256E270F00545439 /* Assets.xcassets in Resources */,
				20195451258701D0004BF656 /* DetailJournalContentView.storyboard in Resources */,
				2009DE3A256E270D00545439 /* Main.storyboard in Resources */,
				20AA1AEC2588F0E40074B683 /* empty.json in Resources */,
			);
			runOnlyForDeploymentPostprocessing = 0;
		};
		206A6B66259DB7620077130C /* Resources */ = {
			isa = PBXResourcesBuildPhase;
			buildActionMask = 2147483647;
			files = (
			);
			runOnlyForDeploymentPostprocessing = 0;
		};
/* End PBXResourcesBuildPhase section */

/* Begin PBXShellScriptBuildPhase section */
		2009DE8C256E4EEB00545439 /* SwiftLint */ = {
			isa = PBXShellScriptBuildPhase;
			buildActionMask = 2147483647;
			files = (
			);
			inputFileListPaths = (
			);
			inputPaths = (
			);
			name = SwiftLint;
			outputFileListPaths = (
			);
			outputPaths = (
			);
			runOnlyForDeploymentPostprocessing = 0;
			shellPath = /bin/sh;
			shellScript = "\"${PODS_ROOT}/SwiftLint/swiftlint\"\n";
		};
		203E9597259B0C5F002877EC /* Crashlytics */ = {
			isa = PBXShellScriptBuildPhase;
			buildActionMask = 2147483647;
			files = (
			);
			inputFileListPaths = (
			);
			inputPaths = (
				"${DWARF_DSYM_FOLDER_PATH}/${DWARF_DSYM_FILE_NAME}/Contents/Resources/DWARF/${TARGET_NAME}",
				"$(SRCROOT)/$(BUILT_PRODUCTS_DIR)/$(INFOPLIST_PATH)",
			);
			name = Crashlytics;
			outputFileListPaths = (
			);
			outputPaths = (
			);
			runOnlyForDeploymentPostprocessing = 0;
			shellPath = /bin/sh;
			shellScript = "# Type a script or drag a script file from your workspace to insert its path.\n\"${PODS_ROOT}/FirebaseCrashlytics/run\"\n";
		};
		A399A99DA25D3F5E6EF14F6F /* [CP] Check Pods Manifest.lock */ = {
			isa = PBXShellScriptBuildPhase;
			buildActionMask = 2147483647;
			files = (
			);
			inputFileListPaths = (
			);
			inputPaths = (
				"${PODS_PODFILE_DIR_PATH}/Podfile.lock",
				"${PODS_ROOT}/Manifest.lock",
			);
			name = "[CP] Check Pods Manifest.lock";
			outputFileListPaths = (
			);
			outputPaths = (
				"$(DERIVED_FILE_DIR)/Pods-EachDay-checkManifestLockResult.txt",
			);
			runOnlyForDeploymentPostprocessing = 0;
			shellPath = /bin/sh;
			shellScript = "diff \"${PODS_PODFILE_DIR_PATH}/Podfile.lock\" \"${PODS_ROOT}/Manifest.lock\" > /dev/null\nif [ $? != 0 ] ; then\n    # print error to STDERR\n    echo \"error: The sandbox is not in sync with the Podfile.lock. Run 'pod install' or update your CocoaPods installation.\" >&2\n    exit 1\nfi\n# This output is used by Xcode 'outputs' to avoid re-running this script phase.\necho \"SUCCESS\" > \"${SCRIPT_OUTPUT_FILE_0}\"\n";
			showEnvVarsInLog = 0;
		};
		D1E5CAA6732A627912FCB0BA /* [CP] Embed Pods Frameworks */ = {
			isa = PBXShellScriptBuildPhase;
			buildActionMask = 2147483647;
			files = (
			);
			inputFileListPaths = (
				"${PODS_ROOT}/Target Support Files/Pods-EachDay/Pods-EachDay-frameworks-${CONFIGURATION}-input-files.xcfilelist",
			);
			name = "[CP] Embed Pods Frameworks";
			outputFileListPaths = (
				"${PODS_ROOT}/Target Support Files/Pods-EachDay/Pods-EachDay-frameworks-${CONFIGURATION}-output-files.xcfilelist",
			);
			runOnlyForDeploymentPostprocessing = 0;
			shellPath = /bin/sh;
			shellScript = "\"${PODS_ROOT}/Target Support Files/Pods-EachDay/Pods-EachDay-frameworks.sh\"\n";
			showEnvVarsInLog = 0;
		};
/* End PBXShellScriptBuildPhase section */

/* Begin PBXSourcesBuildPhase section */
		2009DE2B256E270D00545439 /* Sources */ = {
			isa = PBXSourcesBuildPhase;
			buildActionMask = 2147483647;
			files = (
				2031429A2570E518006410A8 /* TimeTrackingMainPageViewController.swift in Sources */,
				20FBA45F2578B1A500A58AF0 /* DateExtension.swift in Sources */,
				20FBA4512577C9D100A58AF0 /* TagSelectionViewController.swift in Sources */,
				20FBA44725779A3000A58AF0 /* DetailJournalViewController.swift in Sources */,
				2013683625826A6E00C90BB6 /* BiometricAuthentication.swift in Sources */,
				20AA1AF62589AC770074B683 /* LoadingView.swift in Sources */,
				20733BE125748A83004B4A3B /* TimeTrackingTopTableViewCell.swift in Sources */,
				2009DEB1256EAB1A00545439 /* MainPageGreetingsTableViewCell.swift in Sources */,
				201B28DC25807C5A00FB6A77 /* UserSettingTagsTableViewCell.swift in Sources */,
				2098B162256F9A9800AAC1CB /* Helper.swift in Sources */,
				20733BD42573526E004B4A3B /* TimeTrackingTagViewController.swift in Sources */,
				20FBA4992579198700A58AF0 /* TimeTrackingManager.swift in Sources */,
				2009DE8F256E557700545439 /* CardView.swift in Sources */,
				20AA1B022589ECDC0074B683 /* UserDefaults.swift in Sources */,
				20FBA4E6257A41A200A58AF0 /* DetailJournalContentViewController.swift in Sources */,
				20733BDB25739125004B4A3B /* TimeTrackingTagTableViewCell.swift in Sources */,
				2009DE87256E4B8600545439 /* JournalViewModel.swift in Sources */,
				203142942570D048006410A8 /* WriteTimeCapsuleViewController.swift in Sources */,
				20AA1AFF2589DF8C0074B683 /* SignInViewController.swift in Sources */,
				2098B168256FB39F00AAC1CB /* TimeCapsuleViewController.swift in Sources */,
				2009DE71256E310500545439 /* User.swift in Sources */,
				2009DE7D256E461D00545439 /* TrackedTimeViewModel.swift in Sources */,
				20BBA887258C543600816870 /* CalendarView.swift in Sources */,
				2023F6CD25943A5E00A3ACC4 /* RoutineReminderTableViewCell.swift in Sources */,
				20733BDE25739156004B4A3B /* AddNewTagTableViewCell.swift in Sources */,
				20FBA458257896B600A58AF0 /* JournalTag.swift in Sources */,
				203142CF25710367006410A8 /* PaddingLabel.swift in Sources */,
				203142A02570E668006410A8 /* TimeTrackingMainTableViewCell.swift in Sources */,
				20FBA4442577918700A58AF0 /* MainTabBarController.swift in Sources */,
				20AA1AEF2589A3040074B683 /* UILabelExtension.swift in Sources */,
				20AA1B05258AF0830074B683 /* SlideUpView.swift in Sources */,
				2019556925778C70006FA8E8 /* SelectionViewController.swift in Sources */,
				2009DE37256E270D00545439 /* ViewController.swift in Sources */,
				20FBA44E25779A5100A58AF0 /* JournalDetailTableViewCell.swift in Sources */,
				2053B887257F7234005DFA24 /* SettingsTableViewCell.swift in Sources */,
				2023E68525847A15001C43E8 /* FilterJournalViewController.swift in Sources */,
				2009DE33256E270D00545439 /* AppDelegate.swift in Sources */,
				2009DE92256E5A8400545439 /* JournalTableViewCell.swift in Sources */,
				2023F6D025943CD400A3ACC4 /* RoutineReminderViewController.swift in Sources */,
				20733BD125732D81004B4A3B /* StopWatch.swift in Sources */,
				2031429D2570E655006410A8 /* TimeTrackingMainCollectionViewCell.swift in Sources */,
				2019553E25776BB4006FA8E8 /* CalendarMainCollectionViewCell.swift in Sources */,
				20A5D3D62583212E0009F3FC /* Notifications.swift in Sources */,
				20F6E283256F822D0036F38C /* UIImageExtension.swift in Sources */,
				2019553B25776B4E006FA8E8 /* CalendarMainViewController.swift in Sources */,
				20733C1E25760CC3004B4A3B /* TimeTrackingSummaryViewController.swift in Sources */,
				203142972570E441006410A8 /* TimeTrackingButton.swift in Sources */,
				2098B15F256F944800AAC1CB /* WriteJournalViewController.swift in Sources */,
				20733BC925725E62004B4A3B /* CreateNewTaskViewController.swift in Sources */,
				2009F85D2588567800B80193 /* CalendarExtension.swift in Sources */,
				20FBA4622578B20200A58AF0 /* DoubleExtension.swift in Sources */,
				2009DEAD256EA82400545439 /* UIColorExtension.swift in Sources */,
				2009DE79256E41B500545439 /* UserViewModel.swift in Sources */,
				20A9A52225A6EAB30054A9BD /* UIButtonExtension.swift in Sources */,
				20F2CF1B25872FE6003B7B41 /* JournalTagsCollectionViewCell.swift in Sources */,
				20D19BBE258B3E70003ABDD8 /* ColorPickerCollectionViewCell.swift in Sources */,
				2053B85B257F227A005DFA24 /* UserSettingViewController.swift in Sources */,
				2023E68825847A5A001C43E8 /* FilterJournalTableViewCell.swift in Sources */,
				20FBA4542577D02600A58AF0 /* TagSelectionTableViewCell.swift in Sources */,
				20F2CF1E2587433D003B7B41 /* UITextViewExtension.swift in Sources */,
				2053B884257F7224005DFA24 /* ProfileTableViewCell.swift in Sources */,
				2053B881257F56D9005DFA24 /* UIViewExtension.swift in Sources */,
				205101972581164800E7D985 /* UserManager.swift in Sources */,
				20733C2125760F8E004B4A3B /* TimeTrackingSummaryTableViewCell.swift in Sources */,
				2051016F2580CC6300E7D985 /* PasscodeViewController.swift in Sources */,
				2053B88B257F7CCE005DFA24 /* Settings.swift in Sources */,
				2009DE35256E270D00545439 /* SceneDelegate.swift in Sources */,
				201953E22585FD21004BF656 /* CustomAlert.swift in Sources */,
				20FBA4962578CCAE00A58AF0 /* JournalManager.swift in Sources */,
			);
			runOnlyForDeploymentPostprocessing = 0;
		};
		206A6B64259DB7620077130C /* Sources */ = {
			isa = PBXSourcesBuildPhase;
			buildActionMask = 2147483647;
			files = (
				206A6B6B259DB7620077130C /* EachDayTests.swift in Sources */,
			);
			runOnlyForDeploymentPostprocessing = 0;
		};
/* End PBXSourcesBuildPhase section */

/* Begin PBXTargetDependency section */
		206A6B6E259DB7620077130C /* PBXTargetDependency */ = {
			isa = PBXTargetDependency;
			target = 2009DE2E256E270D00545439 /* EachDay */;
			targetProxy = 206A6B6D259DB7620077130C /* PBXContainerItemProxy */;
		};
/* End PBXTargetDependency section */

/* Begin PBXVariantGroup section */
		2009DE38256E270D00545439 /* Main.storyboard */ = {
			isa = PBXVariantGroup;
			children = (
				2009DE39256E270D00545439 /* Base */,
			);
			name = Main.storyboard;
			sourceTree = "<group>";
		};
		2009DE3D256E270F00545439 /* LaunchScreen.storyboard */ = {
			isa = PBXVariantGroup;
			children = (
				2009DE3E256E270F00545439 /* Base */,
			);
			name = LaunchScreen.storyboard;
			sourceTree = "<group>";
		};
/* End PBXVariantGroup section */

/* Begin XCBuildConfiguration section */
		2009DE41256E270F00545439 /* Debug */ = {
			isa = XCBuildConfiguration;
			buildSettings = {
				ALWAYS_SEARCH_USER_PATHS = NO;
				CLANG_ANALYZER_NONNULL = YES;
				CLANG_ANALYZER_NUMBER_OBJECT_CONVERSION = YES_AGGRESSIVE;
				CLANG_CXX_LANGUAGE_STANDARD = "gnu++14";
				CLANG_CXX_LIBRARY = "libc++";
				CLANG_ENABLE_MODULES = YES;
				CLANG_ENABLE_OBJC_ARC = YES;
				CLANG_ENABLE_OBJC_WEAK = YES;
				CLANG_WARN_BLOCK_CAPTURE_AUTORELEASING = YES;
				CLANG_WARN_BOOL_CONVERSION = YES;
				CLANG_WARN_COMMA = YES;
				CLANG_WARN_CONSTANT_CONVERSION = YES;
				CLANG_WARN_DEPRECATED_OBJC_IMPLEMENTATIONS = YES;
				CLANG_WARN_DIRECT_OBJC_ISA_USAGE = YES_ERROR;
				CLANG_WARN_DOCUMENTATION_COMMENTS = YES;
				CLANG_WARN_EMPTY_BODY = YES;
				CLANG_WARN_ENUM_CONVERSION = YES;
				CLANG_WARN_INFINITE_RECURSION = YES;
				CLANG_WARN_INT_CONVERSION = YES;
				CLANG_WARN_NON_LITERAL_NULL_CONVERSION = YES;
				CLANG_WARN_OBJC_IMPLICIT_RETAIN_SELF = YES;
				CLANG_WARN_OBJC_LITERAL_CONVERSION = YES;
				CLANG_WARN_OBJC_ROOT_CLASS = YES_ERROR;
				CLANG_WARN_QUOTED_INCLUDE_IN_FRAMEWORK_HEADER = YES;
				CLANG_WARN_RANGE_LOOP_ANALYSIS = YES;
				CLANG_WARN_STRICT_PROTOTYPES = YES;
				CLANG_WARN_SUSPICIOUS_MOVE = YES;
				CLANG_WARN_UNGUARDED_AVAILABILITY = YES_AGGRESSIVE;
				CLANG_WARN_UNREACHABLE_CODE = YES;
				CLANG_WARN__DUPLICATE_METHOD_MATCH = YES;
				COPY_PHASE_STRIP = NO;
				DEBUG_INFORMATION_FORMAT = dwarf;
				ENABLE_STRICT_OBJC_MSGSEND = YES;
				ENABLE_TESTABILITY = YES;
				GCC_C_LANGUAGE_STANDARD = gnu11;
				GCC_DYNAMIC_NO_PIC = NO;
				GCC_NO_COMMON_BLOCKS = YES;
				GCC_OPTIMIZATION_LEVEL = 0;
				GCC_PREPROCESSOR_DEFINITIONS = (
					"DEBUG=1",
					"$(inherited)",
				);
				GCC_WARN_64_TO_32_BIT_CONVERSION = YES;
				GCC_WARN_ABOUT_RETURN_TYPE = YES_ERROR;
				GCC_WARN_UNDECLARED_SELECTOR = YES;
				GCC_WARN_UNINITIALIZED_AUTOS = YES_AGGRESSIVE;
				GCC_WARN_UNUSED_FUNCTION = YES;
				GCC_WARN_UNUSED_VARIABLE = YES;
				IPHONEOS_DEPLOYMENT_TARGET = 14.2;
				MTL_ENABLE_DEBUG_INFO = INCLUDE_SOURCE;
				MTL_FAST_MATH = YES;
				ONLY_ACTIVE_ARCH = YES;
				SDKROOT = iphoneos;
				SWIFT_ACTIVE_COMPILATION_CONDITIONS = DEBUG;
				SWIFT_OPTIMIZATION_LEVEL = "-Onone";
			};
			name = Debug;
		};
		2009DE42256E270F00545439 /* Release */ = {
			isa = XCBuildConfiguration;
			buildSettings = {
				ALWAYS_SEARCH_USER_PATHS = NO;
				CLANG_ANALYZER_NONNULL = YES;
				CLANG_ANALYZER_NUMBER_OBJECT_CONVERSION = YES_AGGRESSIVE;
				CLANG_CXX_LANGUAGE_STANDARD = "gnu++14";
				CLANG_CXX_LIBRARY = "libc++";
				CLANG_ENABLE_MODULES = YES;
				CLANG_ENABLE_OBJC_ARC = YES;
				CLANG_ENABLE_OBJC_WEAK = YES;
				CLANG_WARN_BLOCK_CAPTURE_AUTORELEASING = YES;
				CLANG_WARN_BOOL_CONVERSION = YES;
				CLANG_WARN_COMMA = YES;
				CLANG_WARN_CONSTANT_CONVERSION = YES;
				CLANG_WARN_DEPRECATED_OBJC_IMPLEMENTATIONS = YES;
				CLANG_WARN_DIRECT_OBJC_ISA_USAGE = YES_ERROR;
				CLANG_WARN_DOCUMENTATION_COMMENTS = YES;
				CLANG_WARN_EMPTY_BODY = YES;
				CLANG_WARN_ENUM_CONVERSION = YES;
				CLANG_WARN_INFINITE_RECURSION = YES;
				CLANG_WARN_INT_CONVERSION = YES;
				CLANG_WARN_NON_LITERAL_NULL_CONVERSION = YES;
				CLANG_WARN_OBJC_IMPLICIT_RETAIN_SELF = YES;
				CLANG_WARN_OBJC_LITERAL_CONVERSION = YES;
				CLANG_WARN_OBJC_ROOT_CLASS = YES_ERROR;
				CLANG_WARN_QUOTED_INCLUDE_IN_FRAMEWORK_HEADER = YES;
				CLANG_WARN_RANGE_LOOP_ANALYSIS = YES;
				CLANG_WARN_STRICT_PROTOTYPES = YES;
				CLANG_WARN_SUSPICIOUS_MOVE = YES;
				CLANG_WARN_UNGUARDED_AVAILABILITY = YES_AGGRESSIVE;
				CLANG_WARN_UNREACHABLE_CODE = YES;
				CLANG_WARN__DUPLICATE_METHOD_MATCH = YES;
				COPY_PHASE_STRIP = NO;
				DEBUG_INFORMATION_FORMAT = "dwarf-with-dsym";
				ENABLE_NS_ASSERTIONS = NO;
				ENABLE_STRICT_OBJC_MSGSEND = YES;
				GCC_C_LANGUAGE_STANDARD = gnu11;
				GCC_NO_COMMON_BLOCKS = YES;
				GCC_WARN_64_TO_32_BIT_CONVERSION = YES;
				GCC_WARN_ABOUT_RETURN_TYPE = YES_ERROR;
				GCC_WARN_UNDECLARED_SELECTOR = YES;
				GCC_WARN_UNINITIALIZED_AUTOS = YES_AGGRESSIVE;
				GCC_WARN_UNUSED_FUNCTION = YES;
				GCC_WARN_UNUSED_VARIABLE = YES;
				IPHONEOS_DEPLOYMENT_TARGET = 14.2;
				MTL_ENABLE_DEBUG_INFO = NO;
				MTL_FAST_MATH = YES;
				SDKROOT = iphoneos;
				SWIFT_COMPILATION_MODE = wholemodule;
				SWIFT_OPTIMIZATION_LEVEL = "-O";
				VALIDATE_PRODUCT = YES;
			};
			name = Release;
		};
		2009DE44256E270F00545439 /* Debug */ = {
			isa = XCBuildConfiguration;
			baseConfigurationReference = E2187CA55EBA2599E09BB815 /* Pods-EachDay.debug.xcconfig */;
			buildSettings = {
				ASSETCATALOG_COMPILER_APPICON_NAME = AppIcon;
				ASSETCATALOG_COMPILER_GLOBAL_ACCENT_COLOR_NAME = AccentColor;
				CODE_SIGN_ENTITLEMENTS = EachDay/EachDay.entitlements;
				CODE_SIGN_IDENTITY = "Apple Development";
				CODE_SIGN_STYLE = Automatic;
				CURRENT_PROJECT_VERSION = 1;
				DEBUG_INFORMATION_FORMAT = "dwarf-with-dsym";
				DEVELOPMENT_TEAM = FRH9H66G29;
				INFOPLIST_FILE = EachDay/Info.plist;
				IPHONEOS_DEPLOYMENT_TARGET = 14.0;
				LD_RUNPATH_SEARCH_PATHS = (
					"$(inherited)",
					"@executable_path/Frameworks",
				);
				MARKETING_VERSION = 1.0.7;
				PRODUCT_BUNDLE_IDENTIFIER = com.eleanorpeng31.EachDay;
				PRODUCT_NAME = "$(TARGET_NAME)";
				PROVISIONING_PROFILE_SPECIFIER = "";
				SWIFT_VERSION = 5.0;
				TARGETED_DEVICE_FAMILY = 1;
			};
			name = Debug;
		};
		2009DE45256E270F00545439 /* Release */ = {
			isa = XCBuildConfiguration;
			baseConfigurationReference = 2F80B47D19AAB31240901A69 /* Pods-EachDay.release.xcconfig */;
			buildSettings = {
				ASSETCATALOG_COMPILER_APPICON_NAME = AppIcon;
				ASSETCATALOG_COMPILER_GLOBAL_ACCENT_COLOR_NAME = AccentColor;
				CODE_SIGN_ENTITLEMENTS = EachDay/EachDay.entitlements;
				CODE_SIGN_IDENTITY = "Apple Development";
				CODE_SIGN_STYLE = Automatic;
				CURRENT_PROJECT_VERSION = 1;
				DEBUG_INFORMATION_FORMAT = "dwarf-with-dsym";
				DEVELOPMENT_TEAM = FRH9H66G29;
				INFOPLIST_FILE = EachDay/Info.plist;
				IPHONEOS_DEPLOYMENT_TARGET = 14.0;
				LD_RUNPATH_SEARCH_PATHS = (
					"$(inherited)",
					"@executable_path/Frameworks",
				);
				MARKETING_VERSION = 1.0.7;
				PRODUCT_BUNDLE_IDENTIFIER = com.eleanorpeng31.EachDay;
				PRODUCT_NAME = "$(TARGET_NAME)";
				PROVISIONING_PROFILE_SPECIFIER = "";
				SWIFT_VERSION = 5.0;
				TARGETED_DEVICE_FAMILY = 1;
			};
			name = Release;
		};
		206A6B70259DB7620077130C /* Debug */ = {
			isa = XCBuildConfiguration;
			buildSettings = {
				BUNDLE_LOADER = "$(TEST_HOST)";
				CODE_SIGN_STYLE = Automatic;
				DEVELOPMENT_TEAM = FRH9H66G29;
				"HEADER_SEARCH_PATHS[arch=*]" = "\"${SRCROOT}/Pods/Firebase/CoreOnly/Sources\"";
				INFOPLIST_FILE = EachDayTests/Info.plist;
				LD_RUNPATH_SEARCH_PATHS = (
					"$(inherited)",
					"@executable_path/Frameworks",
					"@loader_path/Frameworks",
				);
				PRODUCT_BUNDLE_IDENTIFIER = com.eleanorpeng31.EachDayTests;
				PRODUCT_NAME = "$(TARGET_NAME)";
				SWIFT_VERSION = 5.0;
				TARGETED_DEVICE_FAMILY = "1,2";
				TEST_HOST = "$(BUILT_PRODUCTS_DIR)/EachDay.app/EachDay";
			};
			name = Debug;
		};
		206A6B71259DB7620077130C /* Release */ = {
			isa = XCBuildConfiguration;
			buildSettings = {
				BUNDLE_LOADER = "$(TEST_HOST)";
				CODE_SIGN_STYLE = Automatic;
				DEVELOPMENT_TEAM = FRH9H66G29;
				"HEADER_SEARCH_PATHS[arch=*]" = "\"${SRCROOT}/Pods/Firebase/CoreOnly/Sources\"";
				INFOPLIST_FILE = EachDayTests/Info.plist;
				LD_RUNPATH_SEARCH_PATHS = (
					"$(inherited)",
					"@executable_path/Frameworks",
					"@loader_path/Frameworks",
				);
				PRODUCT_BUNDLE_IDENTIFIER = com.eleanorpeng31.EachDayTests;
				PRODUCT_NAME = "$(TARGET_NAME)";
				SWIFT_VERSION = 5.0;
				TARGETED_DEVICE_FAMILY = "1,2";
				TEST_HOST = "$(BUILT_PRODUCTS_DIR)/EachDay.app/EachDay";
			};
			name = Release;
		};
/* End XCBuildConfiguration section */

/* Begin XCConfigurationList section */
		2009DE2A256E270D00545439 /* Build configuration list for PBXProject "EachDay" */ = {
			isa = XCConfigurationList;
			buildConfigurations = (
				2009DE41256E270F00545439 /* Debug */,
				2009DE42256E270F00545439 /* Release */,
			);
			defaultConfigurationIsVisible = 0;
			defaultConfigurationName = Release;
		};
		2009DE43256E270F00545439 /* Build configuration list for PBXNativeTarget "EachDay" */ = {
			isa = XCConfigurationList;
			buildConfigurations = (
				2009DE44256E270F00545439 /* Debug */,
				2009DE45256E270F00545439 /* Release */,
			);
			defaultConfigurationIsVisible = 0;
			defaultConfigurationName = Release;
		};
		206A6B6F259DB7620077130C /* Build configuration list for PBXNativeTarget "EachDayTests" */ = {
			isa = XCConfigurationList;
			buildConfigurations = (
				206A6B70259DB7620077130C /* Debug */,
				206A6B71259DB7620077130C /* Release */,
			);
			defaultConfigurationIsVisible = 0;
			defaultConfigurationName = Release;
		};
/* End XCConfigurationList section */
	};
	rootObject = 2009DE27256E270D00545439 /* Project object */;
}
